github.com/a-h/templ v0.3.857 h1:6EqcJuGZW4OL+2iZ3MD+NnIcG7nGkaQeF2Zq5kf9ZGg=
github.com/a-h/templ v0.3.857/go.mod h1:qhrhAkRFubE7khxLZHsBFHfX+gWwVNKbzKeF9GlPV4M=
github.com/tdewolff/minify/v2 v2.22.4 h1:0/8K2fheOuYr5B4e5oCE1hGBVX6DQHLP0EGzdsDlYeg=
github.com/tdewolff/minify/v2 v2.22.4/go.mod h1:K/R8TT7aivpcU8QCNUU1UdR6etfnFPr7L11TO/X7shk=
github.com/tdewolff/parse/v2 v2.7.21 h1:OCuPFtGr4mXdnfKikQlUb0n654ROJANhBqCk+wioJ/A=
github.com/tdewolff/parse/v2 v2.7.21/go.mod h1:I7TXO37t3aSG9SlPUBefAhgIF8nt7yYUwVGgETIoBcA=
github.com/tdewolff/test v1.0.11/go.mod h1:XPuWBzvdUzhCuxWO1ojpXsyzsA5bFoS3tO/Q3kFuTG8=
