{
  "name": "web2",
  "lockfileVersion": 3,
  "requires": true,
  "packages": {
    "": {
      "devDependencies": {
        "tailwindcss": "^4.0.17"
      }
    },
    "node_modules/tailwindcss": {
      "version": "4.0.17",
      "resolved": "https://registry.npmjs.org/tailwindcss/-/tailwindcss-4.0.17.tgz",
      "integrity": "sha512-OErSiGzRa6rLiOvaipsDZvLMSpsBZ4ysB4f0VKGXUrjw2jfkJRd6kjRKV2+ZmTCNvwtvgdDam5D7w6WXsdLJZw==",
      "dev": true,
      "license": "MIT"
    }
  }
}
